// !$*UTF8*$!
{
	archiveVersion = 1;
	classes = {
	};
	objectVersion = 51;
	objects = {

/* Begin PBXBuildFile section */
		60E86E2A10BA9AB046296410 /* Pods_Todo_App.framework in Frameworks */ = {isa = PBXBuildFile; fileRef = 61B89ED51207DFD58D2DC9CA /* Pods_Todo_App.framework */; };
		FB0C43B2232B4CDE00C07FAD /* AppDelegate.swift in Sources */ = {isa = PBXBuildFile; fileRef = FB0C43B1232B4CDE00C07FAD /* AppDelegate.swift */; };
		FB0C43B4232B4CDE00C07FAD /* ViewController.swift in Sources */ = {isa = PBXBuildFile; fileRef = FB0C43B3232B4CDE00C07FAD /* ViewController.swift */; };
		FB0C43B7232B4CDE00C07FAD /* Main.storyboard in Resources */ = {isa = PBXBuildFile; fileRef = FB0C43B5232B4CDE00C07FAD /* Main.storyboard */; };
		FB0C43B9232B4CE000C07FAD /* Assets.xcassets in Resources */ = {isa = PBXBuildFile; fileRef = FB0C43B8232B4CE000C07FAD /* Assets.xcassets */; };
		FB0C43C8232B4E7B00C07FAD /* LogInStoryboard.storyboard in Resources */ = {isa = PBXBuildFile; fileRef = FB0C43C7232B4E7B00C07FAD /* LogInStoryboard.storyboard */; };
		FB0C43CA232B4E9400C07FAD /* LogInViewController.swift in Sources */ = {isa = PBXBuildFile; fileRef = FB0C43C9232B4E9400C07FAD /* LogInViewController.swift */; };
		FB0C43CD232B53DD00C07FAD /* Extension.swift in Sources */ = {isa = PBXBuildFile; fileRef = FB0C43CC232B53DD00C07FAD /* Extension.swift */; };
		FB0C43D3232C848D00C07FAD /* ListsStoryboard.storyboard in Resources */ = {isa = PBXBuildFile; fileRef = FB0C43D2232C848D00C07FAD /* ListsStoryboard.storyboard */; };
		FB0C43D5232C84A300C07FAD /* ListsViewController.swift in Sources */ = {isa = PBXBuildFile; fileRef = FB0C43D4232C84A300C07FAD /* ListsViewController.swift */; };
		FB0C43D9232C8EA400C07FAD /* Alert.swift in Sources */ = {isa = PBXBuildFile; fileRef = FB0C43D8232C8EA400C07FAD /* Alert.swift */; };
		FB0C43DB232CD72B00C07FAD /* LitsTableViewCell.swift in Sources */ = {isa = PBXBuildFile; fileRef = FB0C43DA232CD72B00C07FAD /* LitsTableViewCell.swift */; };
		FB0C43E5232D1E8000C07FAD /* TodoListsViewController.swift in Sources */ = {isa = PBXBuildFile; fileRef = FB0C43E4232D1E8000C07FAD /* TodoListsViewController.swift */; };
		FB0C43E7232D48E200C07FAD /* TodoListsStoryboard.storyboard in Resources */ = {isa = PBXBuildFile; fileRef = FB0C43E6232D48E200C07FAD /* TodoListsStoryboard.storyboard */; };
		FB0F0B672333B0FA001B1A1D /* SingLogInData.swift in Sources */ = {isa = PBXBuildFile; fileRef = FB0F0B662333B0FA001B1A1D /* SingLogInData.swift */; };
		FB1379102338CEFD00E8FFFE /* TodoData.xcdatamodeld in Sources */ = {isa = PBXBuildFile; fileRef = FB13790E2338CEFD00E8FFFE /* TodoData.xcdatamodeld */; };
		FB1379122338D02400E8FFFE /* KeyTodoLists.swift in Sources */ = {isa = PBXBuildFile; fileRef = FB1379112338D02400E8FFFE /* KeyTodoLists.swift */; };
		FB1379142338D65F00E8FFFE /* ListAddTableViewCell.swift in Sources */ = {isa = PBXBuildFile; fileRef = FB1379132338D65F00E8FFFE /* ListAddTableViewCell.swift */; };
		FB1379162338D89000E8FFFE /* KeyLists.swift in Sources */ = {isa = PBXBuildFile; fileRef = FB1379152338D89000E8FFFE /* KeyLists.swift */; };
		FB210F28234644F9007D41B6 /* AllTodoListsStoryboard.storyboard in Resources */ = {isa = PBXBuildFile; fileRef = FB210F27234644F9007D41B6 /* AllTodoListsStoryboard.storyboard */; };
		FB210F2A2346451E007D41B6 /* AllTodoListsViewController.swift in Sources */ = {isa = PBXBuildFile; fileRef = FB210F292346451E007D41B6 /* AllTodoListsViewController.swift */; };
		FB210F2C23464A20007D41B6 /* AllTodoListsTableViewCell.swift in Sources */ = {isa = PBXBuildFile; fileRef = FB210F2B23464A20007D41B6 /* AllTodoListsTableViewCell.swift */; };
		FB24BE422331DEEE00CDFBC6 /* CoreDataManager.swift in Sources */ = {isa = PBXBuildFile; fileRef = FB24BE412331DEEE00CDFBC6 /* CoreDataManager.swift */; };
		FB24BE4E23339AE800CDFBC6 /* GoogleService-Info.plist in Resources */ = {isa = PBXBuildFile; fileRef = FB24BE4D23339AE800CDFBC6 /* GoogleService-Info.plist */; };
		FB48762D232EA0E5008E5DC9 /* TodoListsTableViewCell.swift in Sources */ = {isa = PBXBuildFile; fileRef = FB48762C232EA0E5008E5DC9 /* TodoListsTableViewCell.swift */; };
		FBC53B91232FF3AD009E8647 /* TodoDelTableViewCell.swift in Sources */ = {isa = PBXBuildFile; fileRef = FBC53B90232FF3AD009E8647 /* TodoDelTableViewCell.swift */; };
/* End PBXBuildFile section */

/* Begin PBXFileReference section */
		0E8C5D8F1B388C7C24CA4709 /* Pods-Todo-App.debug.xcconfig */ = {isa = PBXFileReference; includeInIndex = 1; lastKnownFileType = text.xcconfig; name = "Pods-Todo-App.debug.xcconfig"; path = "Target Support Files/Pods-Todo-App/Pods-Todo-App.debug.xcconfig"; sourceTree = "<group>"; };
		3BAC48F5EDA7CDA471265AD7 /* Pods-Todo-App.release.xcconfig */ = {isa = PBXFileReference; includeInIndex = 1; lastKnownFileType = text.xcconfig; name = "Pods-Todo-App.release.xcconfig"; path = "Target Support Files/Pods-Todo-App/Pods-Todo-App.release.xcconfig"; sourceTree = "<group>"; };
		61B89ED51207DFD58D2DC9CA /* Pods_Todo_App.framework */ = {isa = PBXFileReference; explicitFileType = wrapper.framework; includeInIndex = 0; path = Pods_Todo_App.framework; sourceTree = BUILT_PRODUCTS_DIR; };
		FB0C43AE232B4CDE00C07FAD /* Todo-App.app */ = {isa = PBXFileReference; explicitFileType = wrapper.application; includeInIndex = 0; path = "Todo-App.app"; sourceTree = BUILT_PRODUCTS_DIR; };
		FB0C43B1232B4CDE00C07FAD /* AppDelegate.swift */ = {isa = PBXFileReference; lastKnownFileType = sourcecode.swift; path = AppDelegate.swift; sourceTree = "<group>"; };
		FB0C43B3232B4CDE00C07FAD /* ViewController.swift */ = {isa = PBXFileReference; lastKnownFileType = sourcecode.swift; path = ViewController.swift; sourceTree = "<group>"; };
		FB0C43B6232B4CDE00C07FAD /* Base */ = {isa = PBXFileReference; lastKnownFileType = file.storyboard; name = Base; path = Base.lproj/Main.storyboard; sourceTree = "<group>"; };
		FB0C43B8232B4CE000C07FAD /* Assets.xcassets */ = {isa = PBXFileReference; lastKnownFileType = folder.assetcatalog; path = Assets.xcassets; sourceTree = "<group>"; };
		FB0C43BD232B4CE000C07FAD /* Info.plist */ = {isa = PBXFileReference; lastKnownFileType = text.plist.xml; path = Info.plist; sourceTree = "<group>"; };
		FB0C43C7232B4E7B00C07FAD /* LogInStoryboard.storyboard */ = {isa = PBXFileReference; lastKnownFileType = file.storyboard; path = LogInStoryboard.storyboard; sourceTree = "<group>"; };
		FB0C43C9232B4E9400C07FAD /* LogInViewController.swift */ = {isa = PBXFileReference; lastKnownFileType = sourcecode.swift; path = LogInViewController.swift; sourceTree = "<group>"; };
		FB0C43CC232B53DD00C07FAD /* Extension.swift */ = {isa = PBXFileReference; lastKnownFileType = sourcecode.swift; path = Extension.swift; sourceTree = "<group>"; };
		FB0C43D2232C848D00C07FAD /* ListsStoryboard.storyboard */ = {isa = PBXFileReference; lastKnownFileType = file.storyboard; path = ListsStoryboard.storyboard; sourceTree = "<group>"; };
		FB0C43D4232C84A300C07FAD /* ListsViewController.swift */ = {isa = PBXFileReference; lastKnownFileType = sourcecode.swift; path = ListsViewController.swift; sourceTree = "<group>"; };
		FB0C43D8232C8EA400C07FAD /* Alert.swift */ = {isa = PBXFileReference; lastKnownFileType = sourcecode.swift; path = Alert.swift; sourceTree = "<group>"; };
		FB0C43DA232CD72B00C07FAD /* LitsTableViewCell.swift */ = {isa = PBXFileReference; lastKnownFileType = sourcecode.swift; path = LitsTableViewCell.swift; sourceTree = "<group>"; };
		FB0C43E4232D1E8000C07FAD /* TodoListsViewController.swift */ = {isa = PBXFileReference; lastKnownFileType = sourcecode.swift; path = TodoListsViewController.swift; sourceTree = "<group>"; };
		FB0C43E6232D48E200C07FAD /* TodoListsStoryboard.storyboard */ = {isa = PBXFileReference; lastKnownFileType = file.storyboard; path = TodoListsStoryboard.storyboard; sourceTree = "<group>"; };
		FB0F0B662333B0FA001B1A1D /* SingLogInData.swift */ = {isa = PBXFileReference; lastKnownFileType = sourcecode.swift; path = SingLogInData.swift; sourceTree = "<group>"; };
		FB0F0B682333B408001B1A1D /* Todo-App.entitlements */ = {isa = PBXFileReference; lastKnownFileType = text.plist.entitlements; path = "Todo-App.entitlements"; sourceTree = "<group>"; };
		FB13790F2338CEFD00E8FFFE /* TodoData.xcdatamodel */ = {isa = PBXFileReference; lastKnownFileType = wrapper.xcdatamodel; path = TodoData.xcdatamodel; sourceTree = "<group>"; };
		FB1379112338D02400E8FFFE /* KeyTodoLists.swift */ = {isa = PBXFileReference; lastKnownFileType = sourcecode.swift; path = KeyTodoLists.swift; sourceTree = SOURCE_ROOT; };
		FB1379132338D65F00E8FFFE /* ListAddTableViewCell.swift */ = {isa = PBXFileReference; lastKnownFileType = sourcecode.swift; path = ListAddTableViewCell.swift; sourceTree = "<group>"; };
		FB1379152338D89000E8FFFE /* KeyLists.swift */ = {isa = PBXFileReference; lastKnownFileType = sourcecode.swift; name = KeyLists.swift; path = "Todo-App/Lists/View/KeyLists.swift"; sourceTree = SOURCE_ROOT; };
		FB210F27234644F9007D41B6 /* AllTodoListsStoryboard.storyboard */ = {isa = PBXFileReference; lastKnownFileType = file.storyboard; path = AllTodoListsStoryboard.storyboard; sourceTree = "<group>"; };
		FB210F292346451E007D41B6 /* AllTodoListsViewController.swift */ = {isa = PBXFileReference; lastKnownFileType = sourcecode.swift; path = AllTodoListsViewController.swift; sourceTree = "<group>"; };
		FB210F2B23464A20007D41B6 /* AllTodoListsTableViewCell.swift */ = {isa = PBXFileReference; lastKnownFileType = sourcecode.swift; path = AllTodoListsTableViewCell.swift; sourceTree = "<group>"; };
		FB24BE412331DEEE00CDFBC6 /* CoreDataManager.swift */ = {isa = PBXFileReference; lastKnownFileType = sourcecode.swift; path = CoreDataManager.swift; sourceTree = "<group>"; };
		FB24BE4D23339AE800CDFBC6 /* GoogleService-Info.plist */ = {isa = PBXFileReference; fileEncoding = 4; lastKnownFileType = text.plist.xml; path = "GoogleService-Info.plist"; sourceTree = "<group>"; };
		FB48762C232EA0E5008E5DC9 /* TodoListsTableViewCell.swift */ = {isa = PBXFileReference; lastKnownFileType = sourcecode.swift; path = TodoListsTableViewCell.swift; sourceTree = "<group>"; };
		FBC53B90232FF3AD009E8647 /* TodoDelTableViewCell.swift */ = {isa = PBXFileReference; lastKnownFileType = sourcecode.swift; path = TodoDelTableViewCell.swift; sourceTree = "<group>"; };
/* End PBXFileReference section */

/* Begin PBXFrameworksBuildPhase section */
		FB0C43AB232B4CDE00C07FAD /* Frameworks */ = {
			isa = PBXFrameworksBuildPhase;
			buildActionMask = 2147483647;
			files = (
				60E86E2A10BA9AB046296410 /* Pods_Todo_App.framework in Frameworks */,
			);
			runOnlyForDeploymentPostprocessing = 0;
		};
/* End PBXFrameworksBuildPhase section */

/* Begin PBXGroup section */
		1F3CAF3D5A14A9DF6B43D47D /* Frameworks */ = {
			isa = PBXGroup;
			children = (
				61B89ED51207DFD58D2DC9CA /* Pods_Todo_App.framework */,
			);
			name = Frameworks;
			sourceTree = "<group>";
		};
		D4A5354FB07A9C4E2D15037C /* Pods */ = {
			isa = PBXGroup;
			children = (
				0E8C5D8F1B388C7C24CA4709 /* Pods-Todo-App.debug.xcconfig */,
				3BAC48F5EDA7CDA471265AD7 /* Pods-Todo-App.release.xcconfig */,
			);
			path = Pods;
			sourceTree = "<group>";
		};
		FB0C43A5232B4CDE00C07FAD = {
			isa = PBXGroup;
			children = (
				FB0C43B0232B4CDE00C07FAD /* Todo-App */,
				FB0C43AF232B4CDE00C07FAD /* Products */,
				D4A5354FB07A9C4E2D15037C /* Pods */,
				1F3CAF3D5A14A9DF6B43D47D /* Frameworks */,
			);
			sourceTree = "<group>";
		};
		FB0C43AF232B4CDE00C07FAD /* Products */ = {
			isa = PBXGroup;
			children = (
				FB0C43AE232B4CDE00C07FAD /* Todo-App.app */,
			);
			name = Products;
			sourceTree = "<group>";
		};
		FB0C43B0232B4CDE00C07FAD /* Todo-App */ = {
			isa = PBXGroup;
			children = (
				FB0F0B682333B408001B1A1D /* Todo-App.entitlements */,
				FBC53BB62331DAD1009E8647 /* Common */,
				FB210F232346447D007D41B6 /* AllTodoLists */,
				FB0C43DC232D1DC600C07FAD /* ToDoLists */,
				FB0C43CE232C844400C07FAD /* Lists */,
				FB0C43C3232B4E1900C07FAD /* LogIn */,
				FB0C43B8232B4CE000C07FAD /* Assets.xcassets */,
				FB0C43BD232B4CE000C07FAD /* Info.plist */,
				FB24BE4D23339AE800CDFBC6 /* GoogleService-Info.plist */,
				FB13790E2338CEFD00E8FFFE /* TodoData.xcdatamodeld */,
			);
			path = "Todo-App";
			sourceTree = "<group>";
		};
		FB0C43C3232B4E1900C07FAD /* LogIn */ = {
			isa = PBXGroup;
			children = (
				FB0C43C6232B4E5200C07FAD /* Controller */,
				FB0C43C5232B4E4700C07FAD /* View */,
				FB0F0B652333B0DD001B1A1D /* Model */,
			);
			path = LogIn;
			sourceTree = "<group>";
		};
		FB0C43C5232B4E4700C07FAD /* View */ = {
			isa = PBXGroup;
			children = (
				FB0C43C7232B4E7B00C07FAD /* LogInStoryboard.storyboard */,
			);
			path = View;
			sourceTree = "<group>";
		};
		FB0C43C6232B4E5200C07FAD /* Controller */ = {
			isa = PBXGroup;
			children = (
				FB0C43C9232B4E9400C07FAD /* LogInViewController.swift */,
			);
			path = Controller;
			sourceTree = "<group>";
		};
		FB0C43CB232B539600C07FAD /* Extension+UIView */ = {
			isa = PBXGroup;
			children = (
				FB0C43CC232B53DD00C07FAD /* Extension.swift */,
				FB0C43D8232C8EA400C07FAD /* Alert.swift */,
			);
			path = "Extension+UIView";
			sourceTree = "<group>";
		};
		FB0C43CE232C844400C07FAD /* Lists */ = {
			isa = PBXGroup;
			children = (
				FB0C43D1232C846200C07FAD /* Controller */,
				FB0C43D0232C845A00C07FAD /* View */,
				FB0C43CF232C845000C07FAD /* Model */,
			);
			path = Lists;
			sourceTree = "<group>";
		};
		FB0C43CF232C845000C07FAD /* Model */ = {
			isa = PBXGroup;
			children = (
				FB1379152338D89000E8FFFE /* KeyLists.swift */,
			);
			path = Model;
			sourceTree = "<group>";
		};
		FB0C43D0232C845A00C07FAD /* View */ = {
			isa = PBXGroup;
			children = (
				FB0C43D2232C848D00C07FAD /* ListsStoryboard.storyboard */,
				FB0C43DA232CD72B00C07FAD /* LitsTableViewCell.swift */,
				FB1379132338D65F00E8FFFE /* ListAddTableViewCell.swift */,
			);
			path = View;
			sourceTree = "<group>";
		};
		FB0C43D1232C846200C07FAD /* Controller */ = {
			isa = PBXGroup;
			children = (
				FB0C43D4232C84A300C07FAD /* ListsViewController.swift */,
			);
			path = Controller;
			sourceTree = "<group>";
		};
		FB0C43DC232D1DC600C07FAD /* ToDoLists */ = {
			isa = PBXGroup;
			children = (
				FB0C43DF232D1E0300C07FAD /* Controller */,
				FB0C43DE232D1DFB00C07FAD /* View */,
				FB0C43DD232D1DEE00C07FAD /* Model */,
			);
			path = ToDoLists;
			sourceTree = "<group>";
		};
		FB0C43DD232D1DEE00C07FAD /* Model */ = {
			isa = PBXGroup;
			children = (
				FB1379112338D02400E8FFFE /* KeyTodoLists.swift */,
			);
			path = Model;
			sourceTree = "<group>";
		};
		FB0C43DE232D1DFB00C07FAD /* View */ = {
			isa = PBXGroup;
			children = (
				FB0C43E6232D48E200C07FAD /* TodoListsStoryboard.storyboard */,
				FB48762C232EA0E5008E5DC9 /* TodoListsTableViewCell.swift */,
				FBC53B90232FF3AD009E8647 /* TodoDelTableViewCell.swift */,
			);
			path = View;
			sourceTree = "<group>";
		};
		FB0C43DF232D1E0300C07FAD /* Controller */ = {
			isa = PBXGroup;
			children = (
				FB0C43E4232D1E8000C07FAD /* TodoListsViewController.swift */,
			);
			path = Controller;
			sourceTree = "<group>";
		};
		FB0F0B652333B0DD001B1A1D /* Model */ = {
			isa = PBXGroup;
			children = (
				FB0F0B662333B0FA001B1A1D /* SingLogInData.swift */,
			);
			path = Model;
			sourceTree = "<group>";
		};
		FB210F232346447D007D41B6 /* AllTodoLists */ = {
			isa = PBXGroup;
			children = (
				FB210F26234644CB007D41B6 /* Controller */,
				FB210F25234644C3007D41B6 /* View */,
				FB210F24234644B3007D41B6 /* Model */,
			);
			path = AllTodoLists;
			sourceTree = "<group>";
		};
		FB210F24234644B3007D41B6 /* Model */ = {
			isa = PBXGroup;
			children = (
			);
			path = Model;
			sourceTree = "<group>";
		};
		FB210F25234644C3007D41B6 /* View */ = {
			isa = PBXGroup;
			children = (
				FB210F27234644F9007D41B6 /* AllTodoListsStoryboard.storyboard */,
				FB210F2B23464A20007D41B6 /* AllTodoListsTableViewCell.swift */,
			);
			path = View;
			sourceTree = "<group>";
		};
		FB210F26234644CB007D41B6 /* Controller */ = {
			isa = PBXGroup;
			children = (
				FB210F292346451E007D41B6 /* AllTodoListsViewController.swift */,
			);
			path = Controller;
			sourceTree = "<group>";
		};
		FB24BE3E2331DEA200CDFBC6 /* Model */ = {
			isa = PBXGroup;
			children = (
				FB24BE412331DEEE00CDFBC6 /* CoreDataManager.swift */,
			);
			path = Model;
			sourceTree = "<group>";
		};
		FB24BE3F2331DEAD00CDFBC6 /* View */ = {
			isa = PBXGroup;
			children = (
				FB0C43B5232B4CDE00C07FAD /* Main.storyboard */,
			);
			path = View;
			sourceTree = "<group>";
		};
		FB24BE402331DEB400CDFBC6 /* Controller */ = {
			isa = PBXGroup;
			children = (
				FB0C43B3232B4CDE00C07FAD /* ViewController.swift */,
			);
			path = Controller;
			sourceTree = "<group>";
		};
		FBC53BB62331DAD1009E8647 /* Common */ = {
			isa = PBXGroup;
			children = (
				FB24BE402331DEB400CDFBC6 /* Controller */,
				FB24BE3F2331DEAD00CDFBC6 /* View */,
				FB24BE3E2331DEA200CDFBC6 /* Model */,
				FB0C43CB232B539600C07FAD /* Extension+UIView */,
				FB0C43B1232B4CDE00C07FAD /* AppDelegate.swift */,
			);
			path = Common;
			sourceTree = "<group>";
		};
/* End PBXGroup section */

/* Begin PBXNativeTarget section */
		FB0C43AD232B4CDE00C07FAD /* Todo-App */ = {
			isa = PBXNativeTarget;
			buildConfigurationList = FB0C43C0232B4CE000C07FAD /* Build configuration list for PBXNativeTarget "Todo-App" */;
			buildPhases = (
				14769F21245871657BD297E2 /* [CP] Check Pods Manifest.lock */,
				FB0C43AA232B4CDE00C07FAD /* Sources */,
				FB0C43AB232B4CDE00C07FAD /* Frameworks */,
				FB0C43AC232B4CDE00C07FAD /* Resources */,
				904D2E7AA109B46662FB1124 /* [CP] Embed Pods Frameworks */,
				FB08F98A2348C5EA00485C2C /* ShellScript */,
			);
			buildRules = (
			);
			dependencies = (
			);
			name = "Todo-App";
			productName = "Todo-App";
			productReference = FB0C43AE232B4CDE00C07FAD /* Todo-App.app */;
			productType = "com.apple.product-type.application";
		};
/* End PBXNativeTarget section */

/* Begin PBXProject section */
		FB0C43A6232B4CDE00C07FAD /* Project object */ = {
			isa = PBXProject;
			attributes = {
				LastSwiftUpdateCheck = 1030;
				LastUpgradeCheck = 1030;
				ORGANIZATIONNAME = "Nguyễn Xuân Nam";
				TargetAttributes = {
					FB0C43AD232B4CDE00C07FAD = {
						CreatedOnToolsVersion = 10.3;
						SystemCapabilities = {
							com.apple.Keychain = {
								enabled = 1;
							};
						};
					};
				};
			};
			buildConfigurationList = FB0C43A9232B4CDE00C07FAD /* Build configuration list for PBXProject "Todo-App" */;
			compatibilityVersion = "Xcode 9.3";
			developmentRegion = en;
			hasScannedForEncodings = 0;
			knownRegions = (
				en,
				Base,
			);
			mainGroup = FB0C43A5232B4CDE00C07FAD;
			productRefGroup = FB0C43AF232B4CDE00C07FAD /* Products */;
			projectDirPath = "";
			projectRoot = "";
			targets = (
				FB0C43AD232B4CDE00C07FAD /* Todo-App */,
			);
		};
/* End PBXProject section */

/* Begin PBXResourcesBuildPhase section */
		FB0C43AC232B4CDE00C07FAD /* Resources */ = {
			isa = PBXResourcesBuildPhase;
			buildActionMask = 2147483647;
			files = (
				FB0C43D3232C848D00C07FAD /* ListsStoryboard.storyboard in Resources */,
				FB0C43E7232D48E200C07FAD /* TodoListsStoryboard.storyboard in Resources */,
				FB0C43B9232B4CE000C07FAD /* Assets.xcassets in Resources */,
				FB210F28234644F9007D41B6 /* AllTodoListsStoryboard.storyboard in Resources */,
				FB0C43B7232B4CDE00C07FAD /* Main.storyboard in Resources */,
				FB0C43C8232B4E7B00C07FAD /* LogInStoryboard.storyboard in Resources */,
				FB24BE4E23339AE800CDFBC6 /* GoogleService-Info.plist in Resources */,
			);
			runOnlyForDeploymentPostprocessing = 0;
		};
/* End PBXResourcesBuildPhase section */

/* Begin PBXShellScriptBuildPhase section */
		14769F21245871657BD297E2 /* [CP] Check Pods Manifest.lock */ = {
			isa = PBXShellScriptBuildPhase;
			buildActionMask = 2147483647;
			files = (
			);
			inputFileListPaths = (
			);
			inputPaths = (
				"${PODS_PODFILE_DIR_PATH}/Podfile.lock",
				"${PODS_ROOT}/Manifest.lock",
			);
			name = "[CP] Check Pods Manifest.lock";
			outputFileListPaths = (
			);
			outputPaths = (
				"$(DERIVED_FILE_DIR)/Pods-Todo-App-checkManifestLockResult.txt",
			);
			runOnlyForDeploymentPostprocessing = 0;
			shellPath = /bin/sh;
			shellScript = "diff \"${PODS_PODFILE_DIR_PATH}/Podfile.lock\" \"${PODS_ROOT}/Manifest.lock\" > /dev/null\nif [ $? != 0 ] ; then\n    # print error to STDERR\n    echo \"error: The sandbox is not in sync with the Podfile.lock. Run 'pod install' or update your CocoaPods installation.\" >&2\n    exit 1\nfi\n# This output is used by Xcode 'outputs' to avoid re-running this script phase.\necho \"SUCCESS\" > \"${SCRIPT_OUTPUT_FILE_0}\"\n";
			showEnvVarsInLog = 0;
		};
		904D2E7AA109B46662FB1124 /* [CP] Embed Pods Frameworks */ = {
			isa = PBXShellScriptBuildPhase;
			buildActionMask = 2147483647;
			files = (
			);
			inputFileListPaths = (
				"${PODS_ROOT}/Target Support Files/Pods-Todo-App/Pods-Todo-App-frameworks-${CONFIGURATION}-input-files.xcfilelist",
			);
			name = "[CP] Embed Pods Frameworks";
			outputFileListPaths = (
				"${PODS_ROOT}/Target Support Files/Pods-Todo-App/Pods-Todo-App-frameworks-${CONFIGURATION}-output-files.xcfilelist",
			);
			runOnlyForDeploymentPostprocessing = 0;
			shellPath = /bin/sh;
			shellScript = "\"${PODS_ROOT}/Target Support Files/Pods-Todo-App/Pods-Todo-App-frameworks.sh\"\n";
			showEnvVarsInLog = 0;
		};
		FB08F98A2348C5EA00485C2C /* ShellScript */ = {
			isa = PBXShellScriptBuildPhase;
			buildActionMask = 2147483647;
			files = (
			);
			inputFileListPaths = (
			);
			inputPaths = (
			);
			outputFileListPaths = (
			);
			outputPaths = (
			);
			runOnlyForDeploymentPostprocessing = 0;
			shellPath = /bin/sh;
			shellScript = "./Fabric.framework/run f6cdd5123dfa1bdd98a91b19fd2ee73d90451de2 81efc3783e3860c06c9f44a424699f3ce84c33cd8db9bb465bf3542dc84cbe2a\n";
		};
/* End PBXShellScriptBuildPhase section */

/* Begin PBXSourcesBuildPhase section */
		FB0C43AA232B4CDE00C07FAD /* Sources */ = {
			isa = PBXSourcesBuildPhase;
			buildActionMask = 2147483647;
			files = (
				FB0C43DB232CD72B00C07FAD /* LitsTableViewCell.swift in Sources */,
				FBC53B91232FF3AD009E8647 /* TodoDelTableViewCell.swift in Sources */,
				FB0C43D9232C8EA400C07FAD /* Alert.swift in Sources */,
				FB0C43B4232B4CDE00C07FAD /* ViewController.swift in Sources */,
				FB1379122338D02400E8FFFE /* KeyTodoLists.swift in Sources */,
				FB48762D232EA0E5008E5DC9 /* TodoListsTableViewCell.swift in Sources */,
				FB0C43B2232B4CDE00C07FAD /* AppDelegate.swift in Sources */,
				FB24BE422331DEEE00CDFBC6 /* CoreDataManager.swift in Sources */,
				FB0C43E5232D1E8000C07FAD /* TodoListsViewController.swift in Sources */,
				FB0C43CA232B4E9400C07FAD /* LogInViewController.swift in Sources */,
				FB1379102338CEFD00E8FFFE /* TodoData.xcdatamodeld in Sources */,
				FB210F2A2346451E007D41B6 /* AllTodoListsViewController.swift in Sources */,
				FB0F0B672333B0FA001B1A1D /* SingLogInData.swift in Sources */,
				FB210F2C23464A20007D41B6 /* AllTodoListsTableViewCell.swift in Sources */,
				FB1379142338D65F00E8FFFE /* ListAddTableViewCell.swift in Sources */,
				FB0C43CD232B53DD00C07FAD /* Extension.swift in Sources */,
				FB1379162338D89000E8FFFE /* KeyLists.swift in Sources */,
				FB0C43D5232C84A300C07FAD /* ListsViewController.swift in Sources */,
			);
			runOnlyForDeploymentPostprocessing = 0;
		};
/* End PBXSourcesBuildPhase section */

/* Begin PBXVariantGroup section */
		FB0C43B5232B4CDE00C07FAD /* Main.storyboard */ = {
			isa = PBXVariantGroup;
			children = (
				FB0C43B6232B4CDE00C07FAD /* Base */,
			);
			name = Main.storyboard;
			sourceTree = "<group>";
		};
/* End PBXVariantGroup section */

/* Begin XCBuildConfiguration section */
		FB0C43BE232B4CE000C07FAD /* Debug */ = {
			isa = XCBuildConfiguration;
			buildSettings = {
				ALWAYS_SEARCH_USER_PATHS = NO;
				CLANG_ANALYZER_NONNULL = YES;
				CLANG_ANALYZER_NUMBER_OBJECT_CONVERSION = YES_AGGRESSIVE;
				CLANG_CXX_LANGUAGE_STANDARD = "gnu++14";
				CLANG_CXX_LIBRARY = "libc++";
				CLANG_ENABLE_MODULES = YES;
				CLANG_ENABLE_OBJC_ARC = YES;
				CLANG_ENABLE_OBJC_WEAK = YES;
				CLANG_WARN_BLOCK_CAPTURE_AUTORELEASING = YES;
				CLANG_WARN_BOOL_CONVERSION = YES;
				CLANG_WARN_COMMA = YES;
				CLANG_WARN_CONSTANT_CONVERSION = YES;
				CLANG_WARN_DEPRECATED_OBJC_IMPLEMENTATIONS = YES;
				CLANG_WARN_DIRECT_OBJC_ISA_USAGE = YES_ERROR;
				CLANG_WARN_DOCUMENTATION_COMMENTS = YES;
				CLANG_WARN_EMPTY_BODY = YES;
				CLANG_WARN_ENUM_CONVERSION = YES;
				CLANG_WARN_INFINITE_RECURSION = YES;
				CLANG_WARN_INT_CONVERSION = YES;
				CLANG_WARN_NON_LITERAL_NULL_CONVERSION = YES;
				CLANG_WARN_OBJC_IMPLICIT_RETAIN_SELF = YES;
				CLANG_WARN_OBJC_LITERAL_CONVERSION = YES;
				CLANG_WARN_OBJC_ROOT_CLASS = YES_ERROR;
				CLANG_WARN_RANGE_LOOP_ANALYSIS = YES;
				CLANG_WARN_STRICT_PROTOTYPES = YES;
				CLANG_WARN_SUSPICIOUS_MOVE = YES;
				CLANG_WARN_UNGUARDED_AVAILABILITY = YES_AGGRESSIVE;
				CLANG_WARN_UNREACHABLE_CODE = YES;
				CLANG_WARN__DUPLICATE_METHOD_MATCH = YES;
				CODE_SIGN_IDENTITY = "iPhone Developer";
				COPY_PHASE_STRIP = NO;
				DEBUG_INFORMATION_FORMAT = dwarf;
				ENABLE_STRICT_OBJC_MSGSEND = YES;
				ENABLE_TESTABILITY = YES;
				GCC_C_LANGUAGE_STANDARD = gnu11;
				GCC_DYNAMIC_NO_PIC = NO;
				GCC_NO_COMMON_BLOCKS = YES;
				GCC_OPTIMIZATION_LEVEL = 0;
				GCC_PREPROCESSOR_DEFINITIONS = (
					"DEBUG=1",
					"$(inherited)",
				);
				GCC_WARN_64_TO_32_BIT_CONVERSION = YES;
				GCC_WARN_ABOUT_RETURN_TYPE = YES_ERROR;
				GCC_WARN_UNDECLARED_SELECTOR = YES;
				GCC_WARN_UNINITIALIZED_AUTOS = YES_AGGRESSIVE;
				GCC_WARN_UNUSED_FUNCTION = YES;
				GCC_WARN_UNUSED_VARIABLE = YES;
				IPHONEOS_DEPLOYMENT_TARGET = 12.4;
				MTL_ENABLE_DEBUG_INFO = INCLUDE_SOURCE;
				MTL_FAST_MATH = YES;
				ONLY_ACTIVE_ARCH = YES;
				SDKROOT = iphoneos;
				SWIFT_ACTIVE_COMPILATION_CONDITIONS = DEBUG;
				SWIFT_OPTIMIZATION_LEVEL = "-Onone";
			};
			name = Debug;
		};
		FB0C43BF232B4CE000C07FAD /* Release */ = {
			isa = XCBuildConfiguration;
			buildSettings = {
				ALWAYS_SEARCH_USER_PATHS = NO;
				CLANG_ANALYZER_NONNULL = YES;
				CLANG_ANALYZER_NUMBER_OBJECT_CONVERSION = YES_AGGRESSIVE;
				CLANG_CXX_LANGUAGE_STANDARD = "gnu++14";
				CLANG_CXX_LIBRARY = "libc++";
				CLANG_ENABLE_MODULES = YES;
				CLANG_ENABLE_OBJC_ARC = YES;
				CLANG_ENABLE_OBJC_WEAK = YES;
				CLANG_WARN_BLOCK_CAPTURE_AUTORELEASING = YES;
				CLANG_WARN_BOOL_CONVERSION = YES;
				CLANG_WARN_COMMA = YES;
				CLANG_WARN_CONSTANT_CONVERSION = YES;
				CLANG_WARN_DEPRECATED_OBJC_IMPLEMENTATIONS = YES;
				CLANG_WARN_DIRECT_OBJC_ISA_USAGE = YES_ERROR;
				CLANG_WARN_DOCUMENTATION_COMMENTS = YES;
				CLANG_WARN_EMPTY_BODY = YES;
				CLANG_WARN_ENUM_CONVERSION = YES;
				CLANG_WARN_INFINITE_RECURSION = YES;
				CLANG_WARN_INT_CONVERSION = YES;
				CLANG_WARN_NON_LITERAL_NULL_CONVERSION = YES;
				CLANG_WARN_OBJC_IMPLICIT_RETAIN_SELF = YES;
				CLANG_WARN_OBJC_LITERAL_CONVERSION = YES;
				CLANG_WARN_OBJC_ROOT_CLASS = YES_ERROR;
				CLANG_WARN_RANGE_LOOP_ANALYSIS = YES;
				CLANG_WARN_STRICT_PROTOTYPES = YES;
				CLANG_WARN_SUSPICIOUS_MOVE = YES;
				CLANG_WARN_UNGUARDED_AVAILABILITY = YES_AGGRESSIVE;
				CLANG_WARN_UNREACHABLE_CODE = YES;
				CLANG_WARN__DUPLICATE_METHOD_MATCH = YES;
				CODE_SIGN_IDENTITY = "iPhone Developer";
				COPY_PHASE_STRIP = NO;
				DEBUG_INFORMATION_FORMAT = "dwarf-with-dsym";
				ENABLE_NS_ASSERTIONS = NO;
				ENABLE_STRICT_OBJC_MSGSEND = YES;
				GCC_C_LANGUAGE_STANDARD = gnu11;
				GCC_NO_COMMON_BLOCKS = YES;
				GCC_WARN_64_TO_32_BIT_CONVERSION = YES;
				GCC_WARN_ABOUT_RETURN_TYPE = YES_ERROR;
				GCC_WARN_UNDECLARED_SELECTOR = YES;
				GCC_WARN_UNINITIALIZED_AUTOS = YES_AGGRESSIVE;
				GCC_WARN_UNUSED_FUNCTION = YES;
				GCC_WARN_UNUSED_VARIABLE = YES;
				IPHONEOS_DEPLOYMENT_TARGET = 12.4;
				MTL_ENABLE_DEBUG_INFO = NO;
				MTL_FAST_MATH = YES;
				SDKROOT = iphoneos;
				SWIFT_COMPILATION_MODE = wholemodule;
				SWIFT_OPTIMIZATION_LEVEL = "-O";
				VALIDATE_PRODUCT = YES;
			};
			name = Release;
		};
		FB0C43C1232B4CE000C07FAD /* Debug */ = {
			isa = XCBuildConfiguration;
			baseConfigurationReference = 0E8C5D8F1B388C7C24CA4709 /* Pods-Todo-App.debug.xcconfig */;
			buildSettings = {
				ASSETCATALOG_COMPILER_APPICON_NAME = AppIcon;
				CODE_SIGN_ENTITLEMENTS = "Todo-App/Todo-App.entitlements";
				CODE_SIGN_STYLE = Automatic;
				DEBUG_INFORMATION_FORMAT = "dwarf-with-dsym";
				DEVELOPMENT_TEAM = 87Z3WQ446P;
				INFOPLIST_FILE = "Todo-App/Info.plist";
				LD_RUNPATH_SEARCH_PATHS = (
					"$(inherited)",
					"@executable_path/Frameworks",
				);
				PRODUCT_BUNDLE_IDENTIFIER = "nxn.Todo-App";
				PRODUCT_NAME = "$(TARGET_NAME)";
				SWIFT_VERSION = 5.0;
				TARGETED_DEVICE_FAMILY = "1,2";
			};
			name = Debug;
		};
		FB0C43C2232B4CE000C07FAD /* Release */ = {
			isa = XCBuildConfiguration;
			baseConfigurationReference = 3BAC48F5EDA7CDA471265AD7 /* Pods-Todo-App.release.xcconfig */;
			buildSettings = {
				ASSETCATALOG_COMPILER_APPICON_NAME = AppIcon;
				CODE_SIGN_ENTITLEMENTS = "Todo-App/Todo-App.entitlements";
				CODE_SIGN_STYLE = Automatic;
				DEVELOPMENT_TEAM = 87Z3WQ446P;
				INFOPLIST_FILE = "Todo-App/Info.plist";
				LD_RUNPATH_SEARCH_PATHS = (
					"$(inherited)",
					"@executable_path/Frameworks",
				);
				PRODUCT_BUNDLE_IDENTIFIER = "nxn.Todo-App";
				PRODUCT_NAME = "$(TARGET_NAME)";
				SWIFT_VERSION = 5.0;
				TARGETED_DEVICE_FAMILY = "1,2";
			};
			name = Release;
		};
/* End XCBuildConfiguration section */

/* Begin XCConfigurationList section */
		FB0C43A9232B4CDE00C07FAD /* Build configuration list for PBXProject "Todo-App" */ = {
			isa = XCConfigurationList;
			buildConfigurations = (
				FB0C43BE232B4CE000C07FAD /* Debug */,
				FB0C43BF232B4CE000C07FAD /* Release */,
			);
			defaultConfigurationIsVisible = 0;
			defaultConfigurationName = Release;
		};
		FB0C43C0232B4CE000C07FAD /* Build configuration list for PBXNativeTarget "Todo-App" */ = {
			isa = XCConfigurationList;
			buildConfigurations = (
				FB0C43C1232B4CE000C07FAD /* Debug */,
				FB0C43C2232B4CE000C07FAD /* Release */,
			);
			defaultConfigurationIsVisible = 0;
			defaultConfigurationName = Release;
		};
/* End XCConfigurationList section */

/* Begin XCVersionGroup section */
		FB13790E2338CEFD00E8FFFE /* TodoData.xcdatamodeld */ = {
			isa = XCVersionGroup;
			children = (
				FB13790F2338CEFD00E8FFFE /* TodoData.xcdatamodel */,
			);
			currentVersion = FB13790F2338CEFD00E8FFFE /* TodoData.xcdatamodel */;
			path = TodoData.xcdatamodeld;
			sourceTree = "<group>";
			versionGroupType = wrapper.xcdatamodel;
		};
/* End XCVersionGroup section */
	};
	rootObject = FB0C43A6232B4CDE00C07FAD /* Project object */;
}
